
Microsoft Visual Studio Solution File, Format Version 12.00
# Visual Studio 2017
Project("{FAE04EC0-301F-11D3-BF4B-00C04F79EFBC}") = "Whale Racer V2.Plugins", "Whale Racer V2.Plugins.csproj", "{CD14B36A-3B48-299D-59A8-03E94A20E6C4}"
EndProject
Project("{FAE04EC0-301F-11D3-BF4B-00C04F79EFBC}") = "Whale Racer V2", "Whale Racer V2.csproj", "{8A3394BF-4CF2-076C-84C2-D73BAB5A3E0E}"
EndProject
Project("{FAE04EC0-301F-11D3-BF4B-00C04F79EFBC}") = "Whale Racer V2.Editor.Plugins", "Whale Racer V2.Editor.Plugins.csproj", "{CE44D33B-CF71-E9B5-A9FA-A549113293EB}"
EndProject
Project("{FAE04EC0-301F-11D3-BF4B-00C04F79EFBC}") = "Whale Racer V2.Editor", "Whale Racer V2.Editor.csproj", "{894CFCBF-DAEE-A1EC-4521-941C5E020BE5}"
EndProject
Global
	GlobalSection(SolutionConfigurationPlatforms) = preSolution
		Debug|Any CPU = Debug|Any CPU
		Release|Any CPU = Release|Any CPU
	EndGlobalSection
	GlobalSection(ProjectConfigurationPlatforms) = postSolution
		{CD14B36A-3B48-299D-59A8-03E94A20E6C4}.Debug|Any CPU.ActiveCfg = Debug|Any CPU
		{CD14B36A-3B48-299D-59A8-03E94A20E6C4}.Debug|Any CPU.Build.0 = Debug|Any CPU
		{CD14B36A-3B48-299D-59A8-03E94A20E6C4}.Release|Any CPU.ActiveCfg = Release|Any CPU
		{CD14B36A-3B48-299D-59A8-03E94A20E6C4}.Release|Any CPU.Build.0 = Release|Any CPU
		{8A3394BF-4CF2-076C-84C2-D73BAB5A3E0E}.Debug|Any CPU.ActiveCfg = Debug|Any CPU
		{8A3394BF-4CF2-076C-84C2-D73BAB5A3E0E}.Debug|Any CPU.Build.0 = Debug|Any CPU
		{8A3394BF-4CF2-076C-84C2-D73BAB5A3E0E}.Release|Any CPU.ActiveCfg = Release|Any CPU
		{8A3394BF-4CF2-076C-84C2-D73BAB5A3E0E}.Release|Any CPU.Build.0 = Release|Any CPU
		{CE44D33B-CF71-E9B5-A9FA-A549113293EB}.Debug|Any CPU.ActiveCfg = Debug|Any CPU
		{CE44D33B-CF71-E9B5-A9FA-A549113293EB}.Debug|Any CPU.Build.0 = Debug|Any CPU
		{CE44D33B-CF71-E9B5-A9FA-A549113293EB}.Release|Any CPU.ActiveCfg = Release|Any CPU
		{CE44D33B-CF71-E9B5-A9FA-A549113293EB}.Release|Any CPU.Build.0 = Release|Any CPU
		{894CFCBF-DAEE-A1EC-4521-941C5E020BE5}.Debug|Any CPU.ActiveCfg = Debug|Any CPU
		{894CFCBF-DAEE-A1EC-4521-941C5E020BE5}.Debug|Any CPU.Build.0 = Debug|Any CPU
		{894CFCBF-DAEE-A1EC-4521-941C5E020BE5}.Release|Any CPU.ActiveCfg = Release|Any CPU
		{894CFCBF-DAEE-A1EC-4521-941C5E020BE5}.Release|Any CPU.Build.0 = Release|Any CPU
	EndGlobalSection
	GlobalSection(SolutionProperties) = preSolution
		HideSolutionNode = FALSE
	EndGlobalSection
EndGlobal
